{
    "version": 3,
    "terraform_version": "0.12.10",
    "serial": 1,
    "lineage": "41cf888d-fc7f-d8c1-8373-5bac58e1fb64",
    "modules": [
        {
            "path": [
                "root"
            ],
            "outputs": {
                "aws_iam_policy_attachment_tfer--AWSCodePipelineServiceRole-002D-ap-002D-northeast-002D-1-002D-nestjs-002D-api_id": {
                    "sensitive": false,
                    "type": "string",
                    "value": "arn:aws:iam::152341231368:policy/service-role/AWSCodePipelineServiceRole-ap-northeast-1-nestjs-api"
                },
                "aws_iam_policy_attachment_tfer--CodeBuildBasePolicy-002D-nestjs-002D-api-002D-ap-002D-northeast-002D-1_id": {
                    "sensitive": false,
                    "type": "string",
                    "value": "arn:aws:iam::152341231368:policy/service-role/CodeBuildBasePolicy-nestjs-api-ap-northeast-1"
                },
                "aws_iam_policy_attachment_tfer--CodeBuildBasePolicy-002D-nestjs-002D-api-002D-test-002D-ap-002D-northeast-002D-1_id": {
                    "sensitive": false,
                    "type": "string",
                    "value": "arn:aws:iam::152341231368:policy/service-role/CodeBuildBasePolicy-nestjs-api-test-ap-northeast-1"
                },
                "aws_iam_policy_attachment_tfer--CodeBuildBasePolicy-002D-nestjs-002D-api2-002D-ap-002D-northeast-002D-1_id": {
                    "sensitive": false,
                    "type": "string",
                    "value": "arn:aws:iam::152341231368:policy/service-role/CodeBuildBasePolicy-nestjs-api2-ap-northeast-1"
                },
                "aws_iam_policy_attachment_tfer--ecs-002D-datadog-002D-execute-002D-policy_id": {
                    "sensitive": false,
                    "type": "string",
                    "value": "arn:aws:iam::152341231368:policy/ecs-datadog-execute-policy"
                },
                "aws_iam_policy_attachment_tfer--start-002D-pipeline-002D-execution-002D-ap-002D-northeast-002D-1-002D-nestjs-002D-api_id": {
                    "sensitive": false,
                    "type": "string",
                    "value": "arn:aws:iam::152341231368:policy/service-role/start-pipeline-execution-ap-northeast-1-nestjs-api"
                },
                "aws_iam_policy_tfer--AWSCodePipelineServiceRole-002D-ap-002D-northeast-002D-1-002D-nestjs-002D-api_id": {
                    "sensitive": false,
                    "type": "string",
                    "value": "arn:aws:iam::152341231368:policy/service-role/AWSCodePipelineServiceRole-ap-northeast-1-nestjs-api"
                },
                "aws_iam_policy_tfer--CodeBuildBasePolicy-002D-nestjs-002D-api-002D-ap-002D-northeast-002D-1_id": {
                    "sensitive": false,
                    "type": "string",
                    "value": "arn:aws:iam::152341231368:policy/service-role/CodeBuildBasePolicy-nestjs-api-ap-northeast-1"
                },
                "aws_iam_policy_tfer--CodeBuildBasePolicy-002D-nestjs-002D-api-002D-test-002D-ap-002D-northeast-002D-1_id": {
                    "sensitive": false,
                    "type": "string",
                    "value": "arn:aws:iam::152341231368:policy/service-role/CodeBuildBasePolicy-nestjs-api-test-ap-northeast-1"
                },
                "aws_iam_policy_tfer--CodeBuildBasePolicy-002D-nestjs-002D-api2-002D-ap-002D-northeast-002D-1_id": {
                    "sensitive": false,
                    "type": "string",
                    "value": "arn:aws:iam::152341231368:policy/service-role/CodeBuildBasePolicy-nestjs-api2-ap-northeast-1"
                },
                "aws_iam_policy_tfer--ecs-002D-datadog-002D-execute-002D-policy_id": {
                    "sensitive": false,
                    "type": "string",
                    "value": "arn:aws:iam::152341231368:policy/ecs-datadog-execute-policy"
                },
                "aws_iam_policy_tfer--start-002D-pipeline-002D-execution-002D-ap-002D-northeast-002D-1-002D-nestjs-002D-api_id": {
                    "sensitive": false,
                    "type": "string",
                    "value": "arn:aws:iam::152341231368:policy/service-role/start-pipeline-execution-ap-northeast-1-nestjs-api"
                },
                "aws_iam_role_policy_tfer--AmazonSSMRoleForAutomationAssumeQuickSetup_SsmOnboardingInlinePolicy_id": {
                    "sensitive": false,
                    "type": "string",
                    "value": "AmazonSSMRoleForAutomationAssumeQuickSetup:SsmOnboardingInlinePolicy"
                },
                "aws_iam_user_tfer--AIDASG6B6W4ENASQCICHX_id": {
                    "sensitive": false,
                    "type": "string",
                    "value": "yusuke.dv"
                }
            },
            "resources": {
                "aws_iam_policy.tfer--AWSCodePipelineServiceRole-002D-ap-002D-northeast-002D-1-002D-nestjs-002D-api": {
                    "type": "aws_iam_policy",
                    "depends_on": [],
                    "primary": {
                        "id": "arn:aws:iam::152341231368:policy/service-role/AWSCodePipelineServiceRole-ap-northeast-1-nestjs-api",
                        "attributes": {
                            "arn": "arn:aws:iam::152341231368:policy/service-role/AWSCodePipelineServiceRole-ap-northeast-1-nestjs-api",
                            "description": "Policy used in trust relationship with CodePipeline",
                            "id": "arn:aws:iam::152341231368:policy/service-role/AWSCodePipelineServiceRole-ap-northeast-1-nestjs-api",
                            "name": "AWSCodePipelineServiceRole-ap-northeast-1-nestjs-api",
                            "path": "/service-role/",
                            "policy": "{\n    \"Statement\": [\n        {\n            \"Action\": [\n                \"iam:PassRole\"\n            ],\n            \"Resource\": \"*\",\n            \"Effect\": \"Allow\",\n            \"Condition\": {\n                \"StringEqualsIfExists\": {\n                    \"iam:PassedToService\": [\n                        \"cloudformation.amazonaws.com\",\n                        \"elasticbeanstalk.amazonaws.com\",\n                        \"ec2.amazonaws.com\",\n                        \"ecs-tasks.amazonaws.com\"\n                    ]\n                }\n            }\n        },\n        {\n            \"Action\": [\n                \"codecommit:CancelUploadArchive\",\n                \"codecommit:GetBranch\",\n                \"codecommit:GetCommit\",\n                \"codecommit:GetUploadArchiveStatus\",\n                \"codecommit:UploadArchive\"\n            ],\n            \"Resource\": \"*\",\n            \"Effect\": \"Allow\"\n        },\n        {\n            \"Action\": [\n                \"codedeploy:CreateDeployment\",\n                \"codedeploy:GetApplication\",\n                \"codedeploy:GetApplicationRevision\",\n                \"codedeploy:GetDeployment\",\n                \"codedeploy:GetDeploymentConfig\",\n                \"codedeploy:RegisterApplicationRevision\"\n            ],\n            \"Resource\": \"*\",\n            \"Effect\": \"Allow\"\n        },\n        {\n            \"Action\": [\n                \"codestar-connections:UseConnection\"\n            ],\n            \"Resource\": \"*\",\n            \"Effect\": \"Allow\"\n        },\n        {\n            \"Action\": [\n                \"elasticbeanstalk:*\",\n                \"ec2:*\",\n                \"elasticloadbalancing:*\",\n                \"autoscaling:*\",\n                \"cloudwatch:*\",\n                \"s3:*\",\n                \"sns:*\",\n                \"cloudformation:*\",\n                \"rds:*\",\n                \"sqs:*\",\n                \"ecs:*\"\n            ],\n            \"Resource\": \"*\",\n            \"Effect\": \"Allow\"\n        },\n        {\n            \"Action\": [\n                \"lambda:InvokeFunction\",\n                \"lambda:ListFunctions\"\n            ],\n            \"Resource\": \"*\",\n            \"Effect\": \"Allow\"\n        },\n        {\n            \"Action\": [\n                \"opsworks:CreateDeployment\",\n                \"opsworks:DescribeApps\",\n                \"opsworks:DescribeCommands\",\n                \"opsworks:DescribeDeployments\",\n                \"opsworks:DescribeInstances\",\n                \"opsworks:DescribeStacks\",\n                \"opsworks:UpdateApp\",\n                \"opsworks:UpdateStack\"\n            ],\n            \"Resource\": \"*\",\n            \"Effect\": \"Allow\"\n        },\n        {\n            \"Action\": [\n                \"cloudformation:CreateStack\",\n                \"cloudformation:DeleteStack\",\n                \"cloudformation:DescribeStacks\",\n                \"cloudformation:UpdateStack\",\n                \"cloudformation:CreateChangeSet\",\n                \"cloudformation:DeleteChangeSet\",\n                \"cloudformation:DescribeChangeSet\",\n                \"cloudformation:ExecuteChangeSet\",\n                \"cloudformation:SetStackPolicy\",\n                \"cloudformation:ValidateTemplate\"\n            ],\n            \"Resource\": \"*\",\n            \"Effect\": \"Allow\"\n        },\n        {\n            \"Action\": [\n                \"codebuild:BatchGetBuilds\",\n                \"codebuild:StartBuild\"\n            ],\n            \"Resource\": \"*\",\n            \"Effect\": \"Allow\"\n        },\n        {\n            \"Effect\": \"Allow\",\n            \"Action\": [\n                \"devicefarm:ListProjects\",\n                \"devicefarm:ListDevicePools\",\n                \"devicefarm:GetRun\",\n                \"devicefarm:GetUpload\",\n                \"devicefarm:CreateUpload\",\n                \"devicefarm:ScheduleRun\"\n            ],\n            \"Resource\": \"*\"\n        },\n        {\n            \"Effect\": \"Allow\",\n            \"Action\": [\n                \"servicecatalog:ListProvisioningArtifacts\",\n                \"servicecatalog:CreateProvisioningArtifact\",\n                \"servicecatalog:DescribeProvisioningArtifact\",\n                \"servicecatalog:DeleteProvisioningArtifact\",\n                \"servicecatalog:UpdateProduct\"\n            ],\n            \"Resource\": \"*\"\n        },\n        {\n            \"Effect\": \"Allow\",\n            \"Action\": [\n                \"cloudformation:ValidateTemplate\"\n            ],\n            \"Resource\": \"*\"\n        },\n        {\n            \"Effect\": \"Allow\",\n            \"Action\": [\n                \"ecr:DescribeImages\"\n            ],\n            \"Resource\": \"*\"\n        }\n    ],\n    \"Version\": \"2012-10-17\"\n}"
                        },
                        "meta": {
                            "schema_version": 0
                        },
                        "tainted": false
                    },
                    "deposed": [],
                    "provider": "provider.aws"
                },
                "aws_iam_policy.tfer--CodeBuildBasePolicy-002D-nestjs-002D-api-002D-ap-002D-northeast-002D-1": {
                    "type": "aws_iam_policy",
                    "depends_on": [],
                    "primary": {
                        "id": "arn:aws:iam::152341231368:policy/service-role/CodeBuildBasePolicy-nestjs-api-ap-northeast-1",
                        "attributes": {
                            "arn": "arn:aws:iam::152341231368:policy/service-role/CodeBuildBasePolicy-nestjs-api-ap-northeast-1",
                            "description": "Policy used in trust relationship with CodeBuild",
                            "id": "arn:aws:iam::152341231368:policy/service-role/CodeBuildBasePolicy-nestjs-api-ap-northeast-1",
                            "name": "CodeBuildBasePolicy-nestjs-api-ap-northeast-1",
                            "path": "/service-role/",
                            "policy": "{\n    \"Version\": \"2012-10-17\",\n    \"Statement\": [\n        {\n            \"Effect\": \"Allow\",\n            \"Resource\": [\n                \"arn:aws:logs:ap-northeast-1:152341231368:log-group:/aws/codebuild/nestjs-api\",\n                \"arn:aws:logs:ap-northeast-1:152341231368:log-group:/aws/codebuild/nestjs-api:*\"\n            ],\n            \"Action\": [\n                \"logs:CreateLogGroup\",\n                \"logs:CreateLogStream\",\n                \"logs:PutLogEvents\"\n            ]\n        },\n        {\n            \"Effect\": \"Allow\",\n            \"Resource\": [\n                \"arn:aws:s3:::codepipeline-ap-northeast-1-*\"\n            ],\n            \"Action\": [\n                \"s3:PutObject\",\n                \"s3:GetObject\",\n                \"s3:GetObjectVersion\",\n                \"s3:GetBucketAcl\",\n                \"s3:GetBucketLocation\"\n            ]\n        },\n        {\n            \"Effect\": \"Allow\",\n            \"Action\": [\n                \"codebuild:CreateReportGroup\",\n                \"codebuild:CreateReport\",\n                \"codebuild:UpdateReport\",\n                \"codebuild:BatchPutTestCases\"\n            ],\n            \"Resource\": [\n                \"arn:aws:codebuild:ap-northeast-1:152341231368:report-group/nestjs-api-*\"\n            ]\n        }\n    ]\n}"
                        },
                        "meta": {
                            "schema_version": 0
                        },
                        "tainted": false
                    },
                    "deposed": [],
                    "provider": "provider.aws"
                },
                "aws_iam_policy.tfer--CodeBuildBasePolicy-002D-nestjs-002D-api-002D-test-002D-ap-002D-northeast-002D-1": {
                    "type": "aws_iam_policy",
                    "depends_on": [],
                    "primary": {
                        "id": "arn:aws:iam::152341231368:policy/service-role/CodeBuildBasePolicy-nestjs-api-test-ap-northeast-1",
                        "attributes": {
                            "arn": "arn:aws:iam::152341231368:policy/service-role/CodeBuildBasePolicy-nestjs-api-test-ap-northeast-1",
                            "description": "Policy used in trust relationship with CodeBuild",
                            "id": "arn:aws:iam::152341231368:policy/service-role/CodeBuildBasePolicy-nestjs-api-test-ap-northeast-1",
                            "name": "CodeBuildBasePolicy-nestjs-api-test-ap-northeast-1",
                            "path": "/service-role/",
                            "policy": "{\n    \"Version\": \"2012-10-17\",\n    \"Statement\": [\n        {\n            \"Effect\": \"Allow\",\n            \"Resource\": [\n                \"arn:aws:logs:ap-northeast-1:152341231368:log-group:/aws/codebuild/nestjs-api-test\",\n                \"arn:aws:logs:ap-northeast-1:152341231368:log-group:/aws/codebuild/nestjs-api-test:*\"\n            ],\n            \"Action\": [\n                \"logs:CreateLogGroup\",\n                \"logs:CreateLogStream\",\n                \"logs:PutLogEvents\"\n            ]\n        },\n        {\n            \"Effect\": \"Allow\",\n            \"Resource\": [\n                \"arn:aws:s3:::codepipeline-ap-northeast-1-*\"\n            ],\n            \"Action\": [\n                \"s3:PutObject\",\n                \"s3:GetObject\",\n                \"s3:GetObjectVersion\",\n                \"s3:GetBucketAcl\",\n                \"s3:GetBucketLocation\"\n            ]\n        },\n        {\n            \"Effect\": \"Allow\",\n            \"Action\": [\n                \"codebuild:CreateReportGroup\",\n                \"codebuild:CreateReport\",\n                \"codebuild:UpdateReport\",\n                \"codebuild:BatchPutTestCases\"\n            ],\n            \"Resource\": [\n                \"arn:aws:codebuild:ap-northeast-1:152341231368:report-group/nestjs-api-test-*\"\n            ]\n        }\n    ]\n}"
                        },
                        "meta": {
                            "schema_version": 0
                        },
                        "tainted": false
                    },
                    "deposed": [],
                    "provider": "provider.aws"
                },
                "aws_iam_policy.tfer--CodeBuildBasePolicy-002D-nestjs-002D-api2-002D-ap-002D-northeast-002D-1": {
                    "type": "aws_iam_policy",
                    "depends_on": [],
                    "primary": {
                        "id": "arn:aws:iam::152341231368:policy/service-role/CodeBuildBasePolicy-nestjs-api2-ap-northeast-1",
                        "attributes": {
                            "arn": "arn:aws:iam::152341231368:policy/service-role/CodeBuildBasePolicy-nestjs-api2-ap-northeast-1",
                            "description": "Policy used in trust relationship with CodeBuild",
                            "id": "arn:aws:iam::152341231368:policy/service-role/CodeBuildBasePolicy-nestjs-api2-ap-northeast-1",
                            "name": "CodeBuildBasePolicy-nestjs-api2-ap-northeast-1",
                            "path": "/service-role/",
                            "policy": "{\n    \"Version\": \"2012-10-17\",\n    \"Statement\": [\n        {\n            \"Effect\": \"Allow\",\n            \"Resource\": [\n                \"arn:aws:logs:ap-northeast-1:152341231368:log-group:/aws/codebuild/nestjs-api2\",\n                \"arn:aws:logs:ap-northeast-1:152341231368:log-group:/aws/codebuild/nestjs-api2:*\"\n            ],\n            \"Action\": [\n                \"logs:CreateLogGroup\",\n                \"logs:CreateLogStream\",\n                \"logs:PutLogEvents\"\n            ]\n        },\n        {\n            \"Effect\": \"Allow\",\n            \"Resource\": [\n                \"arn:aws:s3:::codepipeline-ap-northeast-1-*\"\n            ],\n            \"Action\": [\n                \"s3:PutObject\",\n                \"s3:GetObject\",\n                \"s3:GetObjectVersion\",\n                \"s3:GetBucketAcl\",\n                \"s3:GetBucketLocation\"\n            ]\n        },\n        {\n            \"Effect\": \"Allow\",\n            \"Action\": [\n                \"codebuild:CreateReportGroup\",\n                \"codebuild:CreateReport\",\n                \"codebuild:UpdateReport\",\n                \"codebuild:BatchPutTestCases\"\n            ],\n            \"Resource\": [\n                \"arn:aws:codebuild:ap-northeast-1:152341231368:report-group/nestjs-api2-*\"\n            ]\n        }\n    ]\n}"
                        },
                        "meta": {
                            "schema_version": 0
                        },
                        "tainted": false
                    },
                    "deposed": [],
                    "provider": "provider.aws"
                },
                "aws_iam_policy.tfer--ecs-002D-datadog-002D-execute-002D-policy": {
                    "type": "aws_iam_policy",
                    "depends_on": [],
                    "primary": {
                        "id": "arn:aws:iam::152341231368:policy/ecs-datadog-execute-policy",
                        "attributes": {
                            "arn": "arn:aws:iam::152341231368:policy/ecs-datadog-execute-policy",
                            "description": "",
                            "id": "arn:aws:iam::152341231368:policy/ecs-datadog-execute-policy",
                            "name": "ecs-datadog-execute-policy",
                            "path": "/",
                            "policy": "{\n    \"Version\": \"2012-10-17\",\n    \"Statement\": [\n        {\n            \"Action\": [\n                \"ecs:ListClusters\",\n                \"ecs:ListContainerInstances\",\n                \"ecs:DescribeContainerInstances\"\n            ],\n            \"Effect\": \"Allow\",\n            \"Resource\": \"*\"\n        }\n    ]\n}"
                        },
                        "meta": {
                            "schema_version": 0
                        },
                        "tainted": false
                    },
                    "deposed": [],
                    "provider": "provider.aws"
                },
                "aws_iam_policy.tfer--start-002D-pipeline-002D-execution-002D-ap-002D-northeast-002D-1-002D-nestjs-002D-api": {
                    "type": "aws_iam_policy",
                    "depends_on": [],
                    "primary": {
                        "id": "arn:aws:iam::152341231368:policy/service-role/start-pipeline-execution-ap-northeast-1-nestjs-api",
                        "attributes": {
                            "arn": "arn:aws:iam::152341231368:policy/service-role/start-pipeline-execution-ap-northeast-1-nestjs-api",
                            "description": "Allows Amazon CloudWatch Events to automatically start a new execution in the nestjs-api pipeline when a change occurs",
                            "id": "arn:aws:iam::152341231368:policy/service-role/start-pipeline-execution-ap-northeast-1-nestjs-api",
                            "name": "start-pipeline-execution-ap-northeast-1-nestjs-api",
                            "path": "/service-role/",
                            "policy": "{\n    \"Version\": \"2012-10-17\",\n    \"Statement\": [\n        {\n            \"Effect\": \"Allow\",\n            \"Action\": [\n                \"codepipeline:StartPipelineExecution\"\n            ],\n            \"Resource\": [\n                \"arn:aws:codepipeline:ap-northeast-1:152341231368:nestjs-api\"\n            ]\n        }\n    ]\n}"
                        },
                        "meta": {
                            "schema_version": 0
                        },
                        "tainted": false
                    },
                    "deposed": [],
                    "provider": "provider.aws"
                },
                "aws_iam_policy_attachment.tfer--AWSCodePipelineServiceRole-002D-ap-002D-northeast-002D-1-002D-nestjs-002D-api": {
                    "type": "aws_iam_policy_attachment",
                    "depends_on": [],
                    "primary": {
                        "id": "arn:aws:iam::152341231368:policy/service-role/AWSCodePipelineServiceRole-ap-northeast-1-nestjs-api",
                        "attributes": {
                            "groups.#": "0",
                            "id": "arn:aws:iam::152341231368:policy/service-role/AWSCodePipelineServiceRole-ap-northeast-1-nestjs-api",
                            "name": "AWSCodePipelineServiceRole-ap-northeast-1-nestjs-api",
                            "policy_arn": "arn:aws:iam::152341231368:policy/service-role/AWSCodePipelineServiceRole-ap-northeast-1-nestjs-api",
                            "roles.#": "1",
                            "roles.0": "AWSCodePipelineServiceRole-ap-northeast-1-nestjs-api",
                            "users.#": "0"
                        },
                        "meta": {
                            "schema_version": 0
                        },
                        "tainted": false
                    },
                    "deposed": [],
                    "provider": "provider.aws"
                },
                "aws_iam_policy_attachment.tfer--CodeBuildBasePolicy-002D-nestjs-002D-api-002D-ap-002D-northeast-002D-1": {
                    "type": "aws_iam_policy_attachment",
                    "depends_on": [],
                    "primary": {
                        "id": "arn:aws:iam::152341231368:policy/service-role/CodeBuildBasePolicy-nestjs-api-ap-northeast-1",
                        "attributes": {
                            "groups.#": "0",
                            "id": "arn:aws:iam::152341231368:policy/service-role/CodeBuildBasePolicy-nestjs-api-ap-northeast-1",
                            "name": "CodeBuildBasePolicy-nestjs-api-ap-northeast-1",
                            "policy_arn": "arn:aws:iam::152341231368:policy/service-role/CodeBuildBasePolicy-nestjs-api-ap-northeast-1",
                            "roles.#": "1",
                            "roles.0": "codebuild-nestjs-api",
                            "users.#": "0"
                        },
                        "meta": {
                            "schema_version": 0
                        },
                        "tainted": false
                    },
                    "deposed": [],
                    "provider": "provider.aws"
                },
                "aws_iam_policy_attachment.tfer--CodeBuildBasePolicy-002D-nestjs-002D-api-002D-test-002D-ap-002D-northeast-002D-1": {
                    "type": "aws_iam_policy_attachment",
                    "depends_on": [],
                    "primary": {
                        "id": "arn:aws:iam::152341231368:policy/service-role/CodeBuildBasePolicy-nestjs-api-test-ap-northeast-1",
                        "attributes": {
                            "groups.#": "0",
                            "id": "arn:aws:iam::152341231368:policy/service-role/CodeBuildBasePolicy-nestjs-api-test-ap-northeast-1",
                            "name": "CodeBuildBasePolicy-nestjs-api-test-ap-northeast-1",
                            "policy_arn": "arn:aws:iam::152341231368:policy/service-role/CodeBuildBasePolicy-nestjs-api-test-ap-northeast-1",
                            "roles.#": "0",
                            "users.#": "0"
                        },
                        "meta": {
                            "schema_version": 0
                        },
                        "tainted": false
                    },
                    "deposed": [],
                    "provider": "provider.aws"
                },
                "aws_iam_policy_attachment.tfer--CodeBuildBasePolicy-002D-nestjs-002D-api2-002D-ap-002D-northeast-002D-1": {
                    "type": "aws_iam_policy_attachment",
                    "depends_on": [],
                    "primary": {
                        "id": "arn:aws:iam::152341231368:policy/service-role/CodeBuildBasePolicy-nestjs-api2-ap-northeast-1",
                        "attributes": {
                            "groups.#": "0",
                            "id": "arn:aws:iam::152341231368:policy/service-role/CodeBuildBasePolicy-nestjs-api2-ap-northeast-1",
                            "name": "CodeBuildBasePolicy-nestjs-api2-ap-northeast-1",
                            "policy_arn": "arn:aws:iam::152341231368:policy/service-role/CodeBuildBasePolicy-nestjs-api2-ap-northeast-1",
                            "roles.#": "1",
                            "roles.0": "codebuild-nestjs-api",
                            "users.#": "0"
                        },
                        "meta": {
                            "schema_version": 0
                        },
                        "tainted": false
                    },
                    "deposed": [],
                    "provider": "provider.aws"
                },
                "aws_iam_policy_attachment.tfer--ecs-002D-datadog-002D-execute-002D-policy": {
                    "type": "aws_iam_policy_attachment",
                    "depends_on": [],
                    "primary": {
                        "id": "arn:aws:iam::152341231368:policy/ecs-datadog-execute-policy",
                        "attributes": {
                            "groups.#": "0",
                            "id": "arn:aws:iam::152341231368:policy/ecs-datadog-execute-policy",
                            "name": "ecs-datadog-execute-policy",
                            "policy_arn": "arn:aws:iam::152341231368:policy/ecs-datadog-execute-policy",
                            "roles.#": "1",
                            "roles.0": "ecsTaskExecutionRole",
                            "users.#": "0"
                        },
                        "meta": {
                            "schema_version": 0
                        },
                        "tainted": false
                    },
                    "deposed": [],
                    "provider": "provider.aws"
                },
                "aws_iam_policy_attachment.tfer--start-002D-pipeline-002D-execution-002D-ap-002D-northeast-002D-1-002D-nestjs-002D-api": {
                    "type": "aws_iam_policy_attachment",
                    "depends_on": [],
                    "primary": {
                        "id": "arn:aws:iam::152341231368:policy/service-role/start-pipeline-execution-ap-northeast-1-nestjs-api",
                        "attributes": {
                            "groups.#": "0",
                            "id": "arn:aws:iam::152341231368:policy/service-role/start-pipeline-execution-ap-northeast-1-nestjs-api",
                            "name": "start-pipeline-execution-ap-northeast-1-nestjs-api",
                            "policy_arn": "arn:aws:iam::152341231368:policy/service-role/start-pipeline-execution-ap-northeast-1-nestjs-api",
                            "roles.#": "1",
                            "roles.0": "cwe-role-ap-northeast-1-nestjs-api",
                            "users.#": "0"
                        },
                        "meta": {
                            "schema_version": 0
                        },
                        "tainted": false
                    },
                    "deposed": [],
                    "provider": "provider.aws"
                },
                "aws_iam_role_policy.tfer--AmazonSSMRoleForAutomationAssumeQuickSetup_SsmOnboardingInlinePolicy": {
                    "type": "aws_iam_role_policy",
                    "depends_on": [],
                    "primary": {
                        "id": "AmazonSSMRoleForAutomationAssumeQuickSetup:SsmOnboardingInlinePolicy",
                        "attributes": {
                            "id": "AmazonSSMRoleForAutomationAssumeQuickSetup:SsmOnboardingInlinePolicy",
                            "name": "SsmOnboardingInlinePolicy",
                            "policy": "{\"Version\": \"2012-10-17\",\"Statement\": [{ \"Sid\": \"VisualEditor0\",\"Effect\": \"Allow\",\"Action\": [\"iam:CreateInstanceProfile\",\"iam:ListInstanceProfilesForRole\",\"iam:PassRole\",\"ec2:DescribeIamInstanceProfileAssociations\",\"iam:GetInstanceProfile\",\"ec2:DisassociateIamInstanceProfile\",\"ec2:AssociateIamInstanceProfile\",\"iam:AddRoleToInstanceProfile\"],\"Resource\": \"*\"}]}",
                            "role": "AmazonSSMRoleForAutomationAssumeQuickSetup"
                        },
                        "meta": {
                            "schema_version": 0
                        },
                        "tainted": false
                    },
                    "deposed": [],
                    "provider": "provider.aws"
                },
                "aws_iam_user.tfer--AIDASG6B6W4ENASQCICHX": {
                    "type": "aws_iam_user",
                    "depends_on": [],
                    "primary": {
                        "id": "yusuke.dv",
                        "attributes": {
                            "arn": "arn:aws:iam::152341231368:user/yusuke.dv",
                            "force_destroy": "false",
                            "id": "yusuke.dv",
                            "name": "yusuke.dv",
                            "path": "/",
                            "tags.%": "0",
                            "unique_id": "AIDASG6B6W4ENASQCICHX"
                        },
                        "meta": {
                            "schema_version": 0
                        },
                        "tainted": false
                    },
                    "deposed": [],
                    "provider": "provider.aws"
                }
            },
            "depends_on": []
        }
    ]
}
